// !$*UTF8*$!
{
	archiveVersion = 1;
	classes = {
	};
	objectVersion = 50;
	objects = {

/* Begin PBXBuildFile section */
		972B9F742212C4FB0042EE66 /* BasicTableViewCell.xib in Resources */ = {isa = PBXBuildFile; fileRef = 972B9F702212C4FA0042EE66 /* BasicTableViewCell.xib */; };
		972B9F752212C4FB0042EE66 /* DropdownTableViewCell.xib in Resources */ = {isa = PBXBuildFile; fileRef = 972B9F712212C4FB0042EE66 /* DropdownTableViewCell.xib */; };
		972B9F762212C4FB0042EE66 /* AddItemTableViewCell.xib in Resources */ = {isa = PBXBuildFile; fileRef = 972B9F722212C4FB0042EE66 /* AddItemTableViewCell.xib */; };
		972B9F772212C4FB0042EE66 /* SwitchTableViewCell.xib in Resources */ = {isa = PBXBuildFile; fileRef = 972B9F732212C4FB0042EE66 /* SwitchTableViewCell.xib */; };
		972B9F7C2212C5180042EE66 /* PageTableViewHeaderView.xib in Resources */ = {isa = PBXBuildFile; fileRef = 972B9F7A2212C5180042EE66 /* PageTableViewHeaderView.xib */; };
		972B9F822212C56E0042EE66 /* VacancyTableViewCell.swift in Sources */ = {isa = PBXBuildFile; fileRef = 972B9F7F2212C56D0042EE66 /* VacancyTableViewCell.swift */; };
		972B9F842212C56E0042EE66 /* PageTableView.swift in Sources */ = {isa = PBXBuildFile; fileRef = 972B9F812212C56E0042EE66 /* PageTableView.swift */; };
		972B9F882212C5990042EE66 /* accountTableViewCellsDescription.plist in Resources */ = {isa = PBXBuildFile; fileRef = 972B9F862212C5990042EE66 /* accountTableViewCellsDescription.plist */; };
		972B9F892212C5990042EE66 /* settingsCells.plist in Resources */ = {isa = PBXBuildFile; fileRef = 972B9F872212C5990042EE66 /* settingsCells.plist */; };
		972B9F8B2212C7650042EE66 /* PageTableViewHeaderView.swift in Sources */ = {isa = PBXBuildFile; fileRef = 972B9F8A2212C7650042EE66 /* PageTableViewHeaderView.swift */; };
		972D89472211B0A90036D1E6 /* Lato-Italic.ttf in Resources */ = {isa = PBXBuildFile; fileRef = 972D893D2211B0A80036D1E6 /* Lato-Italic.ttf */; };
		972D89482211B0A90036D1E6 /* Lato-Black.ttf in Resources */ = {isa = PBXBuildFile; fileRef = 972D893E2211B0A80036D1E6 /* Lato-Black.ttf */; };
		972D89492211B0A90036D1E6 /* Lato-BoldItalic.ttf in Resources */ = {isa = PBXBuildFile; fileRef = 972D893F2211B0A80036D1E6 /* Lato-BoldItalic.ttf */; };
		972D894A2211B0A90036D1E6 /* Lato-LightItalic.ttf in Resources */ = {isa = PBXBuildFile; fileRef = 972D89402211B0A80036D1E6 /* Lato-LightItalic.ttf */; };
		972D894B2211B0A90036D1E6 /* Lato-Light.ttf in Resources */ = {isa = PBXBuildFile; fileRef = 972D89412211B0A80036D1E6 /* Lato-Light.ttf */; };
		972D894C2211B0A90036D1E6 /* Lato-Bold.ttf in Resources */ = {isa = PBXBuildFile; fileRef = 972D89422211B0A90036D1E6 /* Lato-Bold.ttf */; };
		972D894D2211B0A90036D1E6 /* Lato-Hairline.ttf in Resources */ = {isa = PBXBuildFile; fileRef = 972D89432211B0A90036D1E6 /* Lato-Hairline.ttf */; };
		972D894E2211B0A90036D1E6 /* Lato-BlackItalic.ttf in Resources */ = {isa = PBXBuildFile; fileRef = 972D89442211B0A90036D1E6 /* Lato-BlackItalic.ttf */; };
		972D894F2211B0A90036D1E6 /* Lato-Regular.ttf in Resources */ = {isa = PBXBuildFile; fileRef = 972D89452211B0A90036D1E6 /* Lato-Regular.ttf */; };
		972D89502211B0A90036D1E6 /* Lato-HairlineItalic.ttf in Resources */ = {isa = PBXBuildFile; fileRef = 972D89462211B0A90036D1E6 /* Lato-HairlineItalic.ttf */; };
		972D89532211B0CA0036D1E6 /* DesignExtensions.swift in Sources */ = {isa = PBXBuildFile; fileRef = 972D89522211B0CA0036D1E6 /* DesignExtensions.swift */; };
		972D89572211B1790036D1E6 /* customCellsViewModel.swift in Sources */ = {isa = PBXBuildFile; fileRef = 972D89552211B1790036D1E6 /* customCellsViewModel.swift */; };
		972D895E2211B1990036D1E6 /* SettingsTableViewController.swift in Sources */ = {isa = PBXBuildFile; fileRef = 972D895B2211B1990036D1E6 /* SettingsTableViewController.swift */; };
		972D89622211B1AF0036D1E6 /* UserModel.swift in Sources */ = {isa = PBXBuildFile; fileRef = 972D89612211B1AF0036D1E6 /* UserModel.swift */; };
		972D89672211C6830036D1E6 /* Profile.storyboard in Resources */ = {isa = PBXBuildFile; fileRef = 972D89662211C6830036D1E6 /* Profile.storyboard */; };
		972D896A2211CA0A0036D1E6 /* RegistrationViewController.swift in Sources */ = {isa = PBXBuildFile; fileRef = 972D89692211CA0A0036D1E6 /* RegistrationViewController.swift */; };
		972D896C2211CA2D0036D1E6 /* RegistrationViewModel.swift in Sources */ = {isa = PBXBuildFile; fileRef = 972D896B2211CA2D0036D1E6 /* RegistrationViewModel.swift */; };
		972D896E2211E81A0036D1E6 /* ProfileViewController.swift in Sources */ = {isa = PBXBuildFile; fileRef = 972D896D2211E81A0036D1E6 /* ProfileViewController.swift */; };
		9783C6742212F57B00D12257 /* Events.storyboard in Resources */ = {isa = PBXBuildFile; fileRef = 9783C6732212F57B00D12257 /* Events.storyboard */; };
		9783C6762212F5DF00D12257 /* Vacancy.storyboard in Resources */ = {isa = PBXBuildFile; fileRef = 9783C6752212F5DF00D12257 /* Vacancy.storyboard */; };
		9783C6782212F61700D12257 /* News.storyboard in Resources */ = {isa = PBXBuildFile; fileRef = 9783C6772212F61700D12257 /* News.storyboard */; };
		9783C67A2212F67F00D12257 /* Promo.storyboard in Resources */ = {isa = PBXBuildFile; fileRef = 9783C6792212F67F00D12257 /* Promo.storyboard */; };
		97AA6D23222044B3002E77D0 /* Vacancy.swift in Sources */ = {isa = PBXBuildFile; fileRef = 97AA6D22222044B3002E77D0 /* Vacancy.swift */; };
		97AA6D25222050FA002E77D0 /* VacancyViewModel.swift in Sources */ = {isa = PBXBuildFile; fileRef = 97AA6D24222050FA002E77D0 /* VacancyViewModel.swift */; };
		97AA6D2922205CD0002E77D0 /* DropdownTableViewCell.swift in Sources */ = {isa = PBXBuildFile; fileRef = 97AA6D2822205CD0002E77D0 /* DropdownTableViewCell.swift */; };
		97AA6D2C22205CF1002E77D0 /* SwitchTableViewCell.swift in Sources */ = {isa = PBXBuildFile; fileRef = 97AA6D2B22205CF1002E77D0 /* SwitchTableViewCell.swift */; };
		97AA6D2F22205D09002E77D0 /* AddItemTableViewCell.swift in Sources */ = {isa = PBXBuildFile; fileRef = 97AA6D2E22205D09002E77D0 /* AddItemTableViewCell.swift */; };
		97AA6D3222205D1C002E77D0 /* BasicTableViewCell.swift in Sources */ = {isa = PBXBuildFile; fileRef = 97AA6D3122205D1C002E77D0 /* BasicTableViewCell.swift */; };
		97AA6D3522205D48002E77D0 /* ReuseIdentifiersProtocol.swift in Sources */ = {isa = PBXBuildFile; fileRef = 97AA6D3422205D48002E77D0 /* ReuseIdentifiersProtocol.swift */; };
		97AA6D3822206AC5002E77D0 /* VacancyTableViewCell.xib in Resources */ = {isa = PBXBuildFile; fileRef = 97AA6D3722206AC5002E77D0 /* VacancyTableViewCell.xib */; };
		97AA6D3A22206CBC002E77D0 /* VacanciesTableViewController.swift in Sources */ = {isa = PBXBuildFile; fileRef = 97AA6D3922206CBC002E77D0 /* VacanciesTableViewController.swift */; };
		97B1C89C2211AD50004D1C1A /* AppDelegate.swift in Sources */ = {isa = PBXBuildFile; fileRef = 97B1C89B2211AD50004D1C1A /* AppDelegate.swift */; };
		97B1C8A12211AD50004D1C1A /* Main.storyboard in Resources */ = {isa = PBXBuildFile; fileRef = 97B1C89F2211AD50004D1C1A /* Main.storyboard */; };
		97B1C8A32211AD52004D1C1A /* Assets.xcassets in Resources */ = {isa = PBXBuildFile; fileRef = 97B1C8A22211AD52004D1C1A /* Assets.xcassets */; };
		97B1C8A62211AD52004D1C1A /* LaunchScreen.storyboard in Resources */ = {isa = PBXBuildFile; fileRef = 97B1C8A42211AD52004D1C1A /* LaunchScreen.storyboard */; };
		97E5E365221D986900F9DD76 /* PagesScrollView.swift in Sources */ = {isa = PBXBuildFile; fileRef = 972D89562211B1790036D1E6 /* PagesScrollView.swift */; };
/* End PBXBuildFile section */

/* Begin PBXFileReference section */
		972B9F702212C4FA0042EE66 /* BasicTableViewCell.xib */ = {isa = PBXFileReference; fileEncoding = 4; lastKnownFileType = file.xib; path = BasicTableViewCell.xib; sourceTree = "<group>"; };
		972B9F712212C4FB0042EE66 /* DropdownTableViewCell.xib */ = {isa = PBXFileReference; fileEncoding = 4; lastKnownFileType = file.xib; path = DropdownTableViewCell.xib; sourceTree = "<group>"; };
		972B9F722212C4FB0042EE66 /* AddItemTableViewCell.xib */ = {isa = PBXFileReference; fileEncoding = 4; lastKnownFileType = file.xib; path = AddItemTableViewCell.xib; sourceTree = "<group>"; };
		972B9F732212C4FB0042EE66 /* SwitchTableViewCell.xib */ = {isa = PBXFileReference; fileEncoding = 4; lastKnownFileType = file.xib; path = SwitchTableViewCell.xib; sourceTree = "<group>"; };
		972B9F7A2212C5180042EE66 /* PageTableViewHeaderView.xib */ = {isa = PBXFileReference; fileEncoding = 4; lastKnownFileType = file.xib; path = PageTableViewHeaderView.xib; sourceTree = "<group>"; };
		972B9F7F2212C56D0042EE66 /* VacancyTableViewCell.swift */ = {isa = PBXFileReference; fileEncoding = 4; lastKnownFileType = sourcecode.swift; path = VacancyTableViewCell.swift; sourceTree = "<group>"; };
		972B9F812212C56E0042EE66 /* PageTableView.swift */ = {isa = PBXFileReference; fileEncoding = 4; lastKnownFileType = sourcecode.swift; path = PageTableView.swift; sourceTree = "<group>"; };
		972B9F862212C5990042EE66 /* accountTableViewCellsDescription.plist */ = {isa = PBXFileReference; fileEncoding = 4; lastKnownFileType = text.plist.xml; path = accountTableViewCellsDescription.plist; sourceTree = "<group>"; };
		972B9F872212C5990042EE66 /* settingsCells.plist */ = {isa = PBXFileReference; fileEncoding = 4; lastKnownFileType = text.plist.xml; path = settingsCells.plist; sourceTree = "<group>"; };
		972B9F8A2212C7650042EE66 /* PageTableViewHeaderView.swift */ = {isa = PBXFileReference; lastKnownFileType = sourcecode.swift; path = PageTableViewHeaderView.swift; sourceTree = "<group>"; };
		972D893D2211B0A80036D1E6 /* Lato-Italic.ttf */ = {isa = PBXFileReference; lastKnownFileType = file; path = "Lato-Italic.ttf"; sourceTree = "<group>"; };
		972D893E2211B0A80036D1E6 /* Lato-Black.ttf */ = {isa = PBXFileReference; lastKnownFileType = file; path = "Lato-Black.ttf"; sourceTree = "<group>"; };
		972D893F2211B0A80036D1E6 /* Lato-BoldItalic.ttf */ = {isa = PBXFileReference; lastKnownFileType = file; path = "Lato-BoldItalic.ttf"; sourceTree = "<group>"; };
		972D89402211B0A80036D1E6 /* Lato-LightItalic.ttf */ = {isa = PBXFileReference; lastKnownFileType = file; path = "Lato-LightItalic.ttf"; sourceTree = "<group>"; };
		972D89412211B0A80036D1E6 /* Lato-Light.ttf */ = {isa = PBXFileReference; lastKnownFileType = file; path = "Lato-Light.ttf"; sourceTree = "<group>"; };
		972D89422211B0A90036D1E6 /* Lato-Bold.ttf */ = {isa = PBXFileReference; lastKnownFileType = file; path = "Lato-Bold.ttf"; sourceTree = "<group>"; };
		972D89432211B0A90036D1E6 /* Lato-Hairline.ttf */ = {isa = PBXFileReference; lastKnownFileType = file; path = "Lato-Hairline.ttf"; sourceTree = "<group>"; };
		972D89442211B0A90036D1E6 /* Lato-BlackItalic.ttf */ = {isa = PBXFileReference; lastKnownFileType = file; path = "Lato-BlackItalic.ttf"; sourceTree = "<group>"; };
		972D89452211B0A90036D1E6 /* Lato-Regular.ttf */ = {isa = PBXFileReference; lastKnownFileType = file; path = "Lato-Regular.ttf"; sourceTree = "<group>"; };
		972D89462211B0A90036D1E6 /* Lato-HairlineItalic.ttf */ = {isa = PBXFileReference; lastKnownFileType = file; path = "Lato-HairlineItalic.ttf"; sourceTree = "<group>"; };
		972D89522211B0CA0036D1E6 /* DesignExtensions.swift */ = {isa = PBXFileReference; fileEncoding = 4; lastKnownFileType = sourcecode.swift; path = DesignExtensions.swift; sourceTree = "<group>"; };
		972D89552211B1790036D1E6 /* customCellsViewModel.swift */ = {isa = PBXFileReference; fileEncoding = 4; lastKnownFileType = sourcecode.swift; path = customCellsViewModel.swift; sourceTree = "<group>"; };
		972D89562211B1790036D1E6 /* PagesScrollView.swift */ = {isa = PBXFileReference; fileEncoding = 4; lastKnownFileType = sourcecode.swift; path = PagesScrollView.swift; sourceTree = "<group>"; };
		972D895B2211B1990036D1E6 /* SettingsTableViewController.swift */ = {isa = PBXFileReference; fileEncoding = 4; lastKnownFileType = sourcecode.swift; path = SettingsTableViewController.swift; sourceTree = "<group>"; };
		972D89612211B1AF0036D1E6 /* UserModel.swift */ = {isa = PBXFileReference; fileEncoding = 4; lastKnownFileType = sourcecode.swift; path = UserModel.swift; sourceTree = "<group>"; };
		972D89662211C6830036D1E6 /* Profile.storyboard */ = {isa = PBXFileReference; lastKnownFileType = file.storyboard; path = Profile.storyboard; sourceTree = "<group>"; };
		972D89692211CA0A0036D1E6 /* RegistrationViewController.swift */ = {isa = PBXFileReference; lastKnownFileType = sourcecode.swift; path = RegistrationViewController.swift; sourceTree = "<group>"; };
		972D896B2211CA2D0036D1E6 /* RegistrationViewModel.swift */ = {isa = PBXFileReference; lastKnownFileType = sourcecode.swift; path = RegistrationViewModel.swift; sourceTree = "<group>"; };
		972D896D2211E81A0036D1E6 /* ProfileViewController.swift */ = {isa = PBXFileReference; lastKnownFileType = sourcecode.swift; path = ProfileViewController.swift; sourceTree = "<group>"; };
		9783C6732212F57B00D12257 /* Events.storyboard */ = {isa = PBXFileReference; lastKnownFileType = file.storyboard; path = Events.storyboard; sourceTree = "<group>"; };
		9783C6752212F5DF00D12257 /* Vacancy.storyboard */ = {isa = PBXFileReference; lastKnownFileType = file.storyboard; path = Vacancy.storyboard; sourceTree = "<group>"; };
		9783C6772212F61700D12257 /* News.storyboard */ = {isa = PBXFileReference; lastKnownFileType = file.storyboard; path = News.storyboard; sourceTree = "<group>"; };
		9783C6792212F67F00D12257 /* Promo.storyboard */ = {isa = PBXFileReference; lastKnownFileType = file.storyboard; path = Promo.storyboard; sourceTree = "<group>"; };
		97AA6D22222044B3002E77D0 /* Vacancy.swift */ = {isa = PBXFileReference; lastKnownFileType = sourcecode.swift; path = Vacancy.swift; sourceTree = "<group>"; };
		97AA6D24222050FA002E77D0 /* VacancyViewModel.swift */ = {isa = PBXFileReference; lastKnownFileType = sourcecode.swift; path = VacancyViewModel.swift; sourceTree = "<group>"; };
		97AA6D2822205CD0002E77D0 /* DropdownTableViewCell.swift */ = {isa = PBXFileReference; lastKnownFileType = sourcecode.swift; path = DropdownTableViewCell.swift; sourceTree = "<group>"; };
		97AA6D2B22205CF1002E77D0 /* SwitchTableViewCell.swift */ = {isa = PBXFileReference; lastKnownFileType = sourcecode.swift; path = SwitchTableViewCell.swift; sourceTree = "<group>"; };
		97AA6D2E22205D09002E77D0 /* AddItemTableViewCell.swift */ = {isa = PBXFileReference; lastKnownFileType = sourcecode.swift; path = AddItemTableViewCell.swift; sourceTree = "<group>"; };
		97AA6D3122205D1C002E77D0 /* BasicTableViewCell.swift */ = {isa = PBXFileReference; lastKnownFileType = sourcecode.swift; path = BasicTableViewCell.swift; sourceTree = "<group>"; };
		97AA6D3422205D48002E77D0 /* ReuseIdentifiersProtocol.swift */ = {isa = PBXFileReference; lastKnownFileType = sourcecode.swift; path = ReuseIdentifiersProtocol.swift; sourceTree = "<group>"; };
		97AA6D3722206AC5002E77D0 /* VacancyTableViewCell.xib */ = {isa = PBXFileReference; lastKnownFileType = file.xib; path = VacancyTableViewCell.xib; sourceTree = "<group>"; };
		97AA6D3922206CBC002E77D0 /* VacanciesTableViewController.swift */ = {isa = PBXFileReference; lastKnownFileType = sourcecode.swift; path = VacanciesTableViewController.swift; sourceTree = "<group>"; };
		97B1C8982211AD50004D1C1A /* HseAlumni.app */ = {isa = PBXFileReference; explicitFileType = wrapper.application; includeInIndex = 0; path = HseAlumni.app; sourceTree = BUILT_PRODUCTS_DIR; };
		97B1C89B2211AD50004D1C1A /* AppDelegate.swift */ = {isa = PBXFileReference; lastKnownFileType = sourcecode.swift; path = AppDelegate.swift; sourceTree = "<group>"; };
		97B1C8A02211AD50004D1C1A /* Base */ = {isa = PBXFileReference; lastKnownFileType = file.storyboard; name = Base; path = Base.lproj/Main.storyboard; sourceTree = "<group>"; };
		97B1C8A22211AD52004D1C1A /* Assets.xcassets */ = {isa = PBXFileReference; lastKnownFileType = folder.assetcatalog; path = Assets.xcassets; sourceTree = "<group>"; };
		97B1C8A52211AD52004D1C1A /* Base */ = {isa = PBXFileReference; lastKnownFileType = file.storyboard; name = Base; path = Base.lproj/LaunchScreen.storyboard; sourceTree = "<group>"; };
		97B1C8A72211AD52004D1C1A /* Info.plist */ = {isa = PBXFileReference; lastKnownFileType = text.plist.xml; path = Info.plist; sourceTree = "<group>"; };
/* End PBXFileReference section */

/* Begin PBXFrameworksBuildPhase section */
		97B1C8952211AD50004D1C1A /* Frameworks */ = {
			isa = PBXFrameworksBuildPhase;
			buildActionMask = 2147483647;
			files = (
			);
			runOnlyForDeploymentPostprocessing = 0;
		};
/* End PBXFrameworksBuildPhase section */

/* Begin PBXGroup section */
		972B9F6A2212C4C20042EE66 /* Storyboards */ = {
			isa = PBXGroup;
			children = (
				97B1C89F2211AD50004D1C1A /* Main.storyboard */,
				9783C6732212F57B00D12257 /* Events.storyboard */,
				9783C6752212F5DF00D12257 /* Vacancy.storyboard */,
				9783C6772212F61700D12257 /* News.storyboard */,
				9783C6792212F67F00D12257 /* Promo.storyboard */,
				972D89662211C6830036D1E6 /* Profile.storyboard */,
				97B1C8A42211AD52004D1C1A /* LaunchScreen.storyboard */,
			);
			path = Storyboards;
			sourceTree = "<group>";
		};
		972B9F6F2212C4DA0042EE66 /* Xibs */ = {
			isa = PBXGroup;
			children = (
				972B9F7D2212C51F0042EE66 /* TableViewHeader */,
				972B9F782212C5010042EE66 /* TableViewCells */,
			);
			path = Xibs;
			sourceTree = "<group>";
		};
		972B9F782212C5010042EE66 /* TableViewCells */ = {
			isa = PBXGroup;
			children = (
				972B9F7F2212C56D0042EE66 /* VacancyTableViewCell.swift */,
				97AA6D3722206AC5002E77D0 /* VacancyTableViewCell.xib */,
				97AA6D3622206A9F002E77D0 /* Pages */,
			);
			path = TableViewCells;
			sourceTree = "<group>";
		};
		972B9F7D2212C51F0042EE66 /* TableViewHeader */ = {
			isa = PBXGroup;
			children = (
				972B9F8A2212C7650042EE66 /* PageTableViewHeaderView.swift */,
				972B9F7A2212C5180042EE66 /* PageTableViewHeaderView.xib */,
			);
			path = TableViewHeader;
			sourceTree = "<group>";
		};
		972B9F7E2212C55F0042EE66 /* ViewBasedClasses */ = {
			isa = PBXGroup;
			children = (
				972B9F812212C56E0042EE66 /* PageTableView.swift */,
				972D89562211B1790036D1E6 /* PagesScrollView.swift */,
			);
			path = ViewBasedClasses;
			sourceTree = "<group>";
		};
		972B9F852212C5870042EE66 /* CellsDescriptors */ = {
			isa = PBXGroup;
			children = (
				972B9F862212C5990042EE66 /* accountTableViewCellsDescription.plist */,
				972B9F872212C5990042EE66 /* settingsCells.plist */,
			);
			path = CellsDescriptors;
			sourceTree = "<group>";
		};
		972D89512211B0B20036D1E6 /* LatoFonts */ = {
			isa = PBXGroup;
			children = (
				972D893E2211B0A80036D1E6 /* Lato-Black.ttf */,
				972D89442211B0A90036D1E6 /* Lato-BlackItalic.ttf */,
				972D89422211B0A90036D1E6 /* Lato-Bold.ttf */,
				972D893F2211B0A80036D1E6 /* Lato-BoldItalic.ttf */,
				972D89432211B0A90036D1E6 /* Lato-Hairline.ttf */,
				972D89462211B0A90036D1E6 /* Lato-HairlineItalic.ttf */,
				972D893D2211B0A80036D1E6 /* Lato-Italic.ttf */,
				972D89412211B0A80036D1E6 /* Lato-Light.ttf */,
				972D89402211B0A80036D1E6 /* Lato-LightItalic.ttf */,
				972D89452211B0A90036D1E6 /* Lato-Regular.ttf */,
			);
			path = LatoFonts;
			sourceTree = "<group>";
		};
		972D89542211B1400036D1E6 /* Additionals */ = {
			isa = PBXGroup;
			children = (
				97B1C89B2211AD50004D1C1A /* AppDelegate.swift */,
				97B1C8A22211AD52004D1C1A /* Assets.xcassets */,
				97B1C8A72211AD52004D1C1A /* Info.plist */,
				972D89512211B0B20036D1E6 /* LatoFonts */,
			);
			path = Additionals;
			sourceTree = "<group>";
		};
		972D89592211B17D0036D1E6 /* ViewModels */ = {
			isa = PBXGroup;
			children = (
				97AA6D24222050FA002E77D0 /* VacancyViewModel.swift */,
				972D896B2211CA2D0036D1E6 /* RegistrationViewModel.swift */,
				972D89552211B1790036D1E6 /* customCellsViewModel.swift */,
			);
			path = ViewModels;
			sourceTree = "<group>";
		};
		972D89602211B19F0036D1E6 /* Controllers */ = {
			isa = PBXGroup;
			children = (
				97AA6D3922206CBC002E77D0 /* VacanciesTableViewController.swift */,
				972D89692211CA0A0036D1E6 /* RegistrationViewController.swift */,
				972D896D2211E81A0036D1E6 /* ProfileViewController.swift */,
				972D895B2211B1990036D1E6 /* SettingsTableViewController.swift */,
			);
			path = Controllers;
			sourceTree = "<group>";
		};
		972D89642211B1B90036D1E6 /* Models */ = {
			isa = PBXGroup;
			children = (
				972D89612211B1AF0036D1E6 /* UserModel.swift */,
				97AA6D22222044B3002E77D0 /* Vacancy.swift */,
			);
			path = Models;
			sourceTree = "<group>";
		};
		972D89652211C4FE0036D1E6 /* Views */ = {
			isa = PBXGroup;
			children = (
				972B9F6F2212C4DA0042EE66 /* Xibs */,
				972B9F6A2212C4C20042EE66 /* Storyboards */,
			);
			path = Views;
			sourceTree = "<group>";
		};
		972D89682211C85E0036D1E6 /* Extensions */ = {
			isa = PBXGroup;
			children = (
				972D89522211B0CA0036D1E6 /* DesignExtensions.swift */,
				97AA6D3422205D48002E77D0 /* ReuseIdentifiersProtocol.swift */,
			);
			path = Extensions;
			sourceTree = "<group>";
		};
		97AA6D2A22205CD9002E77D0 /* Dropdown */ = {
			isa = PBXGroup;
			children = (
				97AA6D2822205CD0002E77D0 /* DropdownTableViewCell.swift */,
				972B9F712212C4FB0042EE66 /* DropdownTableViewCell.xib */,
			);
			path = Dropdown;
			sourceTree = "<group>";
		};
		97AA6D2D22205CF9002E77D0 /* Switch */ = {
			isa = PBXGroup;
			children = (
				97AA6D2B22205CF1002E77D0 /* SwitchTableViewCell.swift */,
				972B9F732212C4FB0042EE66 /* SwitchTableViewCell.xib */,
			);
			path = Switch;
			sourceTree = "<group>";
		};
		97AA6D3022205D0D002E77D0 /* Add item */ = {
			isa = PBXGroup;
			children = (
				972B9F722212C4FB0042EE66 /* AddItemTableViewCell.xib */,
				97AA6D2E22205D09002E77D0 /* AddItemTableViewCell.swift */,
			);
			path = "Add item";
			sourceTree = "<group>";
		};
		97AA6D3322205D20002E77D0 /* Basic */ = {
			isa = PBXGroup;
			children = (
				972B9F702212C4FA0042EE66 /* BasicTableViewCell.xib */,
				97AA6D3122205D1C002E77D0 /* BasicTableViewCell.swift */,
			);
			path = Basic;
			sourceTree = "<group>";
		};
		97AA6D3622206A9F002E77D0 /* Pages */ = {
			isa = PBXGroup;
			children = (
				97AA6D2D22205CF9002E77D0 /* Switch */,
				97AA6D2A22205CD9002E77D0 /* Dropdown */,
				97AA6D3022205D0D002E77D0 /* Add item */,
				97AA6D3322205D20002E77D0 /* Basic */,
			);
			path = Pages;
			sourceTree = "<group>";
		};
		97B1C88F2211AD50004D1C1A = {
			isa = PBXGroup;
			children = (
				97B1C89A2211AD50004D1C1A /* HseAlumni */,
				97B1C8992211AD50004D1C1A /* Products */,
			);
			sourceTree = "<group>";
		};
		97B1C8992211AD50004D1C1A /* Products */ = {
			isa = PBXGroup;
			children = (
				97B1C8982211AD50004D1C1A /* HseAlumni.app */,
			);
			name = Products;
			sourceTree = "<group>";
		};
		97B1C89A2211AD50004D1C1A /* HseAlumni */ = {
			isa = PBXGroup;
			children = (
				972B9F852212C5870042EE66 /* CellsDescriptors */,
				972B9F7E2212C55F0042EE66 /* ViewBasedClasses */,
				972D89682211C85E0036D1E6 /* Extensions */,
				972D89642211B1B90036D1E6 /* Models */,
				972D89602211B19F0036D1E6 /* Controllers */,
				972D89592211B17D0036D1E6 /* ViewModels */,
				972D89542211B1400036D1E6 /* Additionals */,
				972D89652211C4FE0036D1E6 /* Views */,
			);
			path = HseAlumni;
			sourceTree = "<group>";
		};
/* End PBXGroup section */

/* Begin PBXNativeTarget section */
		97B1C8972211AD50004D1C1A /* HseAlumni */ = {
			isa = PBXNativeTarget;
			buildConfigurationList = 97B1C8AA2211AD52004D1C1A /* Build configuration list for PBXNativeTarget "HseAlumni" */;
			buildPhases = (
				97B1C8942211AD50004D1C1A /* Sources */,
				97B1C8952211AD50004D1C1A /* Frameworks */,
				97B1C8962211AD50004D1C1A /* Resources */,
			);
			buildRules = (
			);
			dependencies = (
			);
			name = HseAlumni;
			productName = HseAlumni;
			productReference = 97B1C8982211AD50004D1C1A /* HseAlumni.app */;
			productType = "com.apple.product-type.application";
		};
/* End PBXNativeTarget section */

/* Begin PBXProject section */
		97B1C8902211AD50004D1C1A /* Project object */ = {
			isa = PBXProject;
			attributes = {
				LastSwiftUpdateCheck = 1010;
				LastUpgradeCheck = 1010;
				ORGANIZATIONNAME = "Бизнес в стиле .RU";
				TargetAttributes = {
					97B1C8972211AD50004D1C1A = {
						CreatedOnToolsVersion = 10.1;
					};
				};
			};
			buildConfigurationList = 97B1C8932211AD50004D1C1A /* Build configuration list for PBXProject "HseAlumni" */;
			compatibilityVersion = "Xcode 9.3";
			developmentRegion = en;
			hasScannedForEncodings = 0;
			knownRegions = (
				en,
				Base,
			);
			mainGroup = 97B1C88F2211AD50004D1C1A;
			productRefGroup = 97B1C8992211AD50004D1C1A /* Products */;
			projectDirPath = "";
			projectRoot = "";
			targets = (
				97B1C8972211AD50004D1C1A /* HseAlumni */,
			);
		};
/* End PBXProject section */

/* Begin PBXResourcesBuildPhase section */
		97B1C8962211AD50004D1C1A /* Resources */ = {
			isa = PBXResourcesBuildPhase;
			buildActionMask = 2147483647;
			files = (
				972B9F752212C4FB0042EE66 /* DropdownTableViewCell.xib in Resources */,
				97AA6D3822206AC5002E77D0 /* VacancyTableViewCell.xib in Resources */,
				97B1C8A62211AD52004D1C1A /* LaunchScreen.storyboard in Resources */,
				972B9F7C2212C5180042EE66 /* PageTableViewHeaderView.xib in Resources */,
				97B1C8A32211AD52004D1C1A /* Assets.xcassets in Resources */,
				972B9F892212C5990042EE66 /* settingsCells.plist in Resources */,
				9783C6742212F57B00D12257 /* Events.storyboard in Resources */,
				9783C67A2212F67F00D12257 /* Promo.storyboard in Resources */,
				972B9F882212C5990042EE66 /* accountTableViewCellsDescription.plist in Resources */,
				972D89472211B0A90036D1E6 /* Lato-Italic.ttf in Resources */,
				972D89492211B0A90036D1E6 /* Lato-BoldItalic.ttf in Resources */,
				972D894E2211B0A90036D1E6 /* Lato-BlackItalic.ttf in Resources */,
				972D89482211B0A90036D1E6 /* Lato-Black.ttf in Resources */,
				97B1C8A12211AD50004D1C1A /* Main.storyboard in Resources */,
				9783C6762212F5DF00D12257 /* Vacancy.storyboard in Resources */,
				972B9F772212C4FB0042EE66 /* SwitchTableViewCell.xib in Resources */,
				9783C6782212F61700D12257 /* News.storyboard in Resources */,
				972D89502211B0A90036D1E6 /* Lato-HairlineItalic.ttf in Resources */,
				972D894F2211B0A90036D1E6 /* Lato-Regular.ttf in Resources */,
				972B9F742212C4FB0042EE66 /* BasicTableViewCell.xib in Resources */,
				972D894D2211B0A90036D1E6 /* Lato-Hairline.ttf in Resources */,
				972D894A2211B0A90036D1E6 /* Lato-LightItalic.ttf in Resources */,
				972B9F762212C4FB0042EE66 /* AddItemTableViewCell.xib in Resources */,
				972D894C2211B0A90036D1E6 /* Lato-Bold.ttf in Resources */,
				972D89672211C6830036D1E6 /* Profile.storyboard in Resources */,
				972D894B2211B0A90036D1E6 /* Lato-Light.ttf in Resources */,
			);
			runOnlyForDeploymentPostprocessing = 0;
		};
/* End PBXResourcesBuildPhase section */

/* Begin PBXSourcesBuildPhase section */
		97B1C8942211AD50004D1C1A /* Sources */ = {
			isa = PBXSourcesBuildPhase;
			buildActionMask = 2147483647;
			files = (
				97E5E365221D986900F9DD76 /* PagesScrollView.swift in Sources */,
				97AA6D25222050FA002E77D0 /* VacancyViewModel.swift in Sources */,
				97AA6D3A22206CBC002E77D0 /* VacanciesTableViewController.swift in Sources */,
				972B9F8B2212C7650042EE66 /* PageTableViewHeaderView.swift in Sources */,
				97AA6D2C22205CF1002E77D0 /* SwitchTableViewCell.swift in Sources */,
				972B9F842212C56E0042EE66 /* PageTableView.swift in Sources */,
				972D89532211B0CA0036D1E6 /* DesignExtensions.swift in Sources */,
				97AA6D3522205D48002E77D0 /* ReuseIdentifiersProtocol.swift in Sources */,
				972D896A2211CA0A0036D1E6 /* RegistrationViewController.swift in Sources */,
				97B1C89C2211AD50004D1C1A /* AppDelegate.swift in Sources */,
				97AA6D23222044B3002E77D0 /* Vacancy.swift in Sources */,
				972D896C2211CA2D0036D1E6 /* RegistrationViewModel.swift in Sources */,
				97AA6D2922205CD0002E77D0 /* DropdownTableViewCell.swift in Sources */,
				972D896E2211E81A0036D1E6 /* ProfileViewController.swift in Sources */,
				972B9F822212C56E0042EE66 /* VacancyTableViewCell.swift in Sources */,
				97AA6D2F22205D09002E77D0 /* AddItemTableViewCell.swift in Sources */,
				972D89572211B1790036D1E6 /* customCellsViewModel.swift in Sources */,
				972D89622211B1AF0036D1E6 /* UserModel.swift in Sources */,
				972D895E2211B1990036D1E6 /* SettingsTableViewController.swift in Sources */,
				97AA6D3222205D1C002E77D0 /* BasicTableViewCell.swift in Sources */,
			);
			runOnlyForDeploymentPostprocessing = 0;
		};
/* End PBXSourcesBuildPhase section */

/* Begin PBXVariantGroup section */
		97B1C89F2211AD50004D1C1A /* Main.storyboard */ = {
			isa = PBXVariantGroup;
			children = (
				97B1C8A02211AD50004D1C1A /* Base */,
			);
			name = Main.storyboard;
			sourceTree = "<group>";
		};
		97B1C8A42211AD52004D1C1A /* LaunchScreen.storyboard */ = {
			isa = PBXVariantGroup;
			children = (
				97B1C8A52211AD52004D1C1A /* Base */,
			);
			name = LaunchScreen.storyboard;
			sourceTree = "<group>";
		};
/* End PBXVariantGroup section */

/* Begin XCBuildConfiguration section */
		97B1C8A82211AD52004D1C1A /* Debug */ = {
			isa = XCBuildConfiguration;
			buildSettings = {
				ALWAYS_SEARCH_USER_PATHS = NO;
				CLANG_ANALYZER_NONNULL = YES;
				CLANG_ANALYZER_NUMBER_OBJECT_CONVERSION = YES_AGGRESSIVE;
				CLANG_CXX_LANGUAGE_STANDARD = "gnu++14";
				CLANG_CXX_LIBRARY = "libc++";
				CLANG_ENABLE_MODULES = YES;
				CLANG_ENABLE_OBJC_ARC = YES;
				CLANG_ENABLE_OBJC_WEAK = YES;
				CLANG_WARN_BLOCK_CAPTURE_AUTORELEASING = YES;
				CLANG_WARN_BOOL_CONVERSION = YES;
				CLANG_WARN_COMMA = YES;
				CLANG_WARN_CONSTANT_CONVERSION = YES;
				CLANG_WARN_DEPRECATED_OBJC_IMPLEMENTATIONS = YES;
				CLANG_WARN_DIRECT_OBJC_ISA_USAGE = YES_ERROR;
				CLANG_WARN_DOCUMENTATION_COMMENTS = YES;
				CLANG_WARN_EMPTY_BODY = YES;
				CLANG_WARN_ENUM_CONVERSION = YES;
				CLANG_WARN_INFINITE_RECURSION = YES;
				CLANG_WARN_INT_CONVERSION = YES;
				CLANG_WARN_NON_LITERAL_NULL_CONVERSION = YES;
				CLANG_WARN_OBJC_IMPLICIT_RETAIN_SELF = YES;
				CLANG_WARN_OBJC_LITERAL_CONVERSION = YES;
				CLANG_WARN_OBJC_ROOT_CLASS = YES_ERROR;
				CLANG_WARN_RANGE_LOOP_ANALYSIS = YES;
				CLANG_WARN_STRICT_PROTOTYPES = YES;
				CLANG_WARN_SUSPICIOUS_MOVE = YES;
				CLANG_WARN_UNGUARDED_AVAILABILITY = YES_AGGRESSIVE;
				CLANG_WARN_UNREACHABLE_CODE = YES;
				CLANG_WARN__DUPLICATE_METHOD_MATCH = YES;
				CODE_SIGN_IDENTITY = "iPhone Developer";
				COPY_PHASE_STRIP = NO;
				DEBUG_INFORMATION_FORMAT = dwarf;
				ENABLE_STRICT_OBJC_MSGSEND = YES;
				ENABLE_TESTABILITY = YES;
				GCC_C_LANGUAGE_STANDARD = gnu11;
				GCC_DYNAMIC_NO_PIC = NO;
				GCC_NO_COMMON_BLOCKS = YES;
				GCC_OPTIMIZATION_LEVEL = 0;
				GCC_PREPROCESSOR_DEFINITIONS = (
					"DEBUG=1",
					"$(inherited)",
				);
				GCC_WARN_64_TO_32_BIT_CONVERSION = YES;
				GCC_WARN_ABOUT_RETURN_TYPE = YES_ERROR;
				GCC_WARN_UNDECLARED_SELECTOR = YES;
				GCC_WARN_UNINITIALIZED_AUTOS = YES_AGGRESSIVE;
				GCC_WARN_UNUSED_FUNCTION = YES;
				GCC_WARN_UNUSED_VARIABLE = YES;
				IPHONEOS_DEPLOYMENT_TARGET = 12.1;
				MTL_ENABLE_DEBUG_INFO = INCLUDE_SOURCE;
				MTL_FAST_MATH = YES;
				ONLY_ACTIVE_ARCH = YES;
				SDKROOT = iphoneos;
				SWIFT_ACTIVE_COMPILATION_CONDITIONS = DEBUG;
				SWIFT_OPTIMIZATION_LEVEL = "-Onone";
			};
			name = Debug;
		};
		97B1C8A92211AD52004D1C1A /* Release */ = {
			isa = XCBuildConfiguration;
			buildSettings = {
				ALWAYS_SEARCH_USER_PATHS = NO;
				CLANG_ANALYZER_NONNULL = YES;
				CLANG_ANALYZER_NUMBER_OBJECT_CONVERSION = YES_AGGRESSIVE;
				CLANG_CXX_LANGUAGE_STANDARD = "gnu++14";
				CLANG_CXX_LIBRARY = "libc++";
				CLANG_ENABLE_MODULES = YES;
				CLANG_ENABLE_OBJC_ARC = YES;
				CLANG_ENABLE_OBJC_WEAK = YES;
				CLANG_WARN_BLOCK_CAPTURE_AUTORELEASING = YES;
				CLANG_WARN_BOOL_CONVERSION = YES;
				CLANG_WARN_COMMA = YES;
				CLANG_WARN_CONSTANT_CONVERSION = YES;
				CLANG_WARN_DEPRECATED_OBJC_IMPLEMENTATIONS = YES;
				CLANG_WARN_DIRECT_OBJC_ISA_USAGE = YES_ERROR;
				CLANG_WARN_DOCUMENTATION_COMMENTS = YES;
				CLANG_WARN_EMPTY_BODY = YES;
				CLANG_WARN_ENUM_CONVERSION = YES;
				CLANG_WARN_INFINITE_RECURSION = YES;
				CLANG_WARN_INT_CONVERSION = YES;
				CLANG_WARN_NON_LITERAL_NULL_CONVERSION = YES;
				CLANG_WARN_OBJC_IMPLICIT_RETAIN_SELF = YES;
				CLANG_WARN_OBJC_LITERAL_CONVERSION = YES;
				CLANG_WARN_OBJC_ROOT_CLASS = YES_ERROR;
				CLANG_WARN_RANGE_LOOP_ANALYSIS = YES;
				CLANG_WARN_STRICT_PROTOTYPES = YES;
				CLANG_WARN_SUSPICIOUS_MOVE = YES;
				CLANG_WARN_UNGUARDED_AVAILABILITY = YES_AGGRESSIVE;
				CLANG_WARN_UNREACHABLE_CODE = YES;
				CLANG_WARN__DUPLICATE_METHOD_MATCH = YES;
				CODE_SIGN_IDENTITY = "iPhone Developer";
				COPY_PHASE_STRIP = NO;
				DEBUG_INFORMATION_FORMAT = "dwarf-with-dsym";
				ENABLE_NS_ASSERTIONS = NO;
				ENABLE_STRICT_OBJC_MSGSEND = YES;
				GCC_C_LANGUAGE_STANDARD = gnu11;
				GCC_NO_COMMON_BLOCKS = YES;
				GCC_WARN_64_TO_32_BIT_CONVERSION = YES;
				GCC_WARN_ABOUT_RETURN_TYPE = YES_ERROR;
				GCC_WARN_UNDECLARED_SELECTOR = YES;
				GCC_WARN_UNINITIALIZED_AUTOS = YES_AGGRESSIVE;
				GCC_WARN_UNUSED_FUNCTION = YES;
				GCC_WARN_UNUSED_VARIABLE = YES;
				IPHONEOS_DEPLOYMENT_TARGET = 12.1;
				MTL_ENABLE_DEBUG_INFO = NO;
				MTL_FAST_MATH = YES;
				SDKROOT = iphoneos;
				SWIFT_COMPILATION_MODE = wholemodule;
				SWIFT_OPTIMIZATION_LEVEL = "-O";
				VALIDATE_PRODUCT = YES;
			};
			name = Release;
		};
		97B1C8AB2211AD52004D1C1A /* Debug */ = {
			isa = XCBuildConfiguration;
			buildSettings = {
				ASSETCATALOG_COMPILER_APPICON_NAME = AppIcon;
				CODE_SIGN_STYLE = Automatic;
				DEVELOPMENT_TEAM = L42U362EAE;
				INFOPLIST_FILE = HseAlumni/Additionals/Info.plist;
				IPHONEOS_DEPLOYMENT_TARGET = 10.0;
				LD_RUNPATH_SEARCH_PATHS = (
					"$(inherited)",
					"@executable_path/Frameworks",
				);
				PRODUCT_BUNDLE_IDENTIFIER = "-00wd--wd.HseAlumni";
				PRODUCT_NAME = "$(TARGET_NAME)";
				SWIFT_VERSION = 4.2;
				TARGETED_DEVICE_FAMILY = 1;
			};
			name = Debug;
		};
		97B1C8AC2211AD52004D1C1A /* Release */ = {
			isa = XCBuildConfiguration;
			buildSettings = {
				ASSETCATALOG_COMPILER_APPICON_NAME = AppIcon;
				CODE_SIGN_STYLE = Automatic;
				DEVELOPMENT_TEAM = L42U362EAE;
				INFOPLIST_FILE = HseAlumni/Additionals/Info.plist;
				IPHONEOS_DEPLOYMENT_TARGET = 10.0;
				LD_RUNPATH_SEARCH_PATHS = (
					"$(inherited)",
					"@executable_path/Frameworks",
				);
				PRODUCT_BUNDLE_IDENTIFIER = "-00wd--wd.HseAlumni";
				PRODUCT_NAME = "$(TARGET_NAME)";
				SWIFT_VERSION = 4.2;
				TARGETED_DEVICE_FAMILY = 1;
			};
			name = Release;
		};
/* End XCBuildConfiguration section */

/* Begin XCConfigurationList section */
		97B1C8932211AD50004D1C1A /* Build configuration list for PBXProject "HseAlumni" */ = {
			isa = XCConfigurationList;
			buildConfigurations = (
				97B1C8A82211AD52004D1C1A /* Debug */,
				97B1C8A92211AD52004D1C1A /* Release */,
			);
			defaultConfigurationIsVisible = 0;
			defaultConfigurationName = Release;
		};
		97B1C8AA2211AD52004D1C1A /* Build configuration list for PBXNativeTarget "HseAlumni" */ = {
			isa = XCConfigurationList;
			buildConfigurations = (
				97B1C8AB2211AD52004D1C1A /* Debug */,
				97B1C8AC2211AD52004D1C1A /* Release */,
			);
			defaultConfigurationIsVisible = 0;
			defaultConfigurationName = Release;
		};
/* End XCConfigurationList section */
	};
	rootObject = 97B1C8902211AD50004D1C1A /* Project object */;
}
